// !$*UTF8*$!
{
	archiveVersion = 1;
	classes = {
	};
	objectVersion = 56;
	objects = {

/* Begin PBXBuildFile section */
		244606D42BBEFFC20019D104 /* AppDelegate.m in Sources */ = {isa = PBXBuildFile; fileRef = 244606D32BBEFFC20019D104 /* AppDelegate.m */; };
		244606D72BBEFFC20019D104 /* SceneDelegate.m in Sources */ = {isa = PBXBuildFile; fileRef = 244606D62BBEFFC20019D104 /* SceneDelegate.m */; };
		244606DA2BBEFFC20019D104 /* ViewController.m in Sources */ = {isa = PBXBuildFile; fileRef = 244606D92BBEFFC20019D104 /* ViewController.m */; };
		244606DD2BBEFFC20019D104 /* Main.storyboard in Resources */ = {isa = PBXBuildFile; fileRef = 244606DB2BBEFFC20019D104 /* Main.storyboard */; };
		244606E02BBEFFC20019D104 /* mov_demo.xcdatamodeld in Sources */ = {isa = PBXBuildFile; fileRef = 244606DE2BBEFFC20019D104 /* mov_demo.xcdatamodeld */; };
		244606E22BBEFFC50019D104 /* Assets.xcassets in Resources */ = {isa = PBXBuildFile; fileRef = 244606E12BBEFFC50019D104 /* Assets.xcassets */; };
		244606E52BBEFFC50019D104 /* LaunchScreen.storyboard in Resources */ = {isa = PBXBuildFile; fileRef = 244606E32BBEFFC50019D104 /* LaunchScreen.storyboard */; };
		244606E82BBEFFC50019D104 /* main.m in Sources */ = {isa = PBXBuildFile; fileRef = 244606E72BBEFFC50019D104 /* main.m */; };
/* End PBXBuildFile section */

/* Begin PBXFileReference section */
		244606CF2BBEFFC20019D104 /* mov_demo.app */ = {isa = PBXFileReference; explicitFileType = wrapper.application; includeInIndex = 0; path = mov_demo.app; sourceTree = BUILT_PRODUCTS_DIR; };
		244606D22BBEFFC20019D104 /* AppDelegate.h */ = {isa = PBXFileReference; lastKnownFileType = sourcecode.c.h; path = AppDelegate.h; sourceTree = "<group>"; };
		244606D32BBEFFC20019D104 /* AppDelegate.m */ = {isa = PBXFileReference; lastKnownFileType = sourcecode.c.objc; path = AppDelegate.m; sourceTree = "<group>"; };
		244606D52BBEFFC20019D104 /* SceneDelegate.h */ = {isa = PBXFileReference; lastKnownFileType = sourcecode.c.h; path = SceneDelegate.h; sourceTree = "<group>"; };
		244606D62BBEFFC20019D104 /* SceneDelegate.m */ = {isa = PBXFileReference; lastKnownFileType = sourcecode.c.objc; path = SceneDelegate.m; sourceTree = "<group>"; };
		244606D82BBEFFC20019D104 /* ViewController.h */ = {isa = PBXFileReference; lastKnownFileType = sourcecode.c.h; path = ViewController.h; sourceTree = "<group>"; };
		244606D92BBEFFC20019D104 /* ViewController.m */ = {isa = PBXFileReference; lastKnownFileType = sourcecode.c.objc; path = ViewController.m; sourceTree = "<group>"; };
		244606DC2BBEFFC20019D104 /* Base */ = {isa = PBXFileReference; lastKnownFileType = file.storyboard; name = Base; path = Base.lproj/Main.storyboard; sourceTree = "<group>"; };
		244606DF2BBEFFC20019D104 /* mov_demo.xcdatamodel */ = {isa = PBXFileReference; lastKnownFileType = wrapper.xcdatamodel; path = mov_demo.xcdatamodel; sourceTree = "<group>"; };
		244606E12BBEFFC50019D104 /* Assets.xcassets */ = {isa = PBXFileReference; lastKnownFileType = folder.assetcatalog; path = Assets.xcassets; sourceTree = "<group>"; };
		244606E42BBEFFC50019D104 /* Base */ = {isa = PBXFileReference; lastKnownFileType = file.storyboard; name = Base; path = Base.lproj/LaunchScreen.storyboard; sourceTree = "<group>"; };
		244606E62BBEFFC50019D104 /* Info.plist */ = {isa = PBXFileReference; lastKnownFileType = text.plist.xml; path = Info.plist; sourceTree = "<group>"; };
		244606E72BBEFFC50019D104 /* main.m */ = {isa = PBXFileReference; lastKnownFileType = sourcecode.c.objc; path = main.m; sourceTree = "<group>"; };
/* End PBXFileReference section */

/* Begin PBXFrameworksBuildPhase section */
		244606CC2BBEFFC20019D104 /* Frameworks */ = {
			isa = PBXFrameworksBuildPhase;
			buildActionMask = 2147483647;
			files = (
			);
			runOnlyForDeploymentPostprocessing = 0;
		};
/* End PBXFrameworksBuildPhase section */

/* Begin PBXGroup section */
		244606C62BBEFFC20019D104 = {
			isa = PBXGroup;
			children = (
				244606D12BBEFFC20019D104 /* mov_demo */,
				244606D02BBEFFC20019D104 /* Products */,
			);
			sourceTree = "<group>";
		};
		244606D02BBEFFC20019D104 /* Products */ = {
			isa = PBXGroup;
			children = (
				244606CF2BBEFFC20019D104 /* mov_demo.app */,
			);
			name = Products;
			sourceTree = "<group>";
		};
		244606D12BBEFFC20019D104 /* mov_demo */ = {
			isa = PBXGroup;
			children = (
				244606D22BBEFFC20019D104 /* AppDelegate.h */,
				244606D32BBEFFC20019D104 /* AppDelegate.m */,
				244606D52BBEFFC20019D104 /* SceneDelegate.h */,
				244606D62BBEFFC20019D104 /* SceneDelegate.m */,
				244606D82BBEFFC20019D104 /* ViewController.h */,
				244606D92BBEFFC20019D104 /* ViewController.m */,
				244606DB2BBEFFC20019D104 /* Main.storyboard */,
				244606E12BBEFFC50019D104 /* Assets.xcassets */,
				244606E32BBEFFC50019D104 /* LaunchScreen.storyboard */,
				244606E62BBEFFC50019D104 /* Info.plist */,
				244606E72BBEFFC50019D104 /* main.m */,
				244606DE2BBEFFC20019D104 /* mov_demo.xcdatamodeld */,
			);
			path = mov_demo;
			sourceTree = "<group>";
		};
/* End PBXGroup section */

/* Begin PBXNativeTarget section */
		244606CE2BBEFFC20019D104 /* mov_demo */ = {
			isa = PBXNativeTarget;
			buildConfigurationList = 244606EB2BBEFFC50019D104 /* Build configuration list for PBXNativeTarget "mov_demo" */;
			buildPhases = (
				244606CB2BBEFFC20019D104 /* Sources */,
				244606CC2BBEFFC20019D104 /* Frameworks */,
				244606CD2BBEFFC20019D104 /* Resources */,
			);
			buildRules = (
			);
			dependencies = (
			);
			name = mov_demo;
			productName = mov_demo;
			productReference = 244606CF2BBEFFC20019D104 /* mov_demo.app */;
			productType = "com.apple.product-type.application";
		};
/* End PBXNativeTarget section */

/* Begin PBXProject section */
		244606C72BBEFFC20019D104 /* Project object */ = {
			isa = PBXProject;
			attributes = {
				BuildIndependentTargetsInParallel = 1;
				LastUpgradeCheck = 1420;
				TargetAttributes = {
					244606CE2BBEFFC20019D104 = {
						CreatedOnToolsVersion = 14.2;
					};
				};
			};
			buildConfigurationList = 244606CA2BBEFFC20019D104 /* Build configuration list for PBXProject "mov_demo" */;
			compatibilityVersion = "Xcode 14.0";
			developmentRegion = en;
			hasScannedForEncodings = 0;
			knownRegions = (
				en,
				Base,
			);
			mainGroup = 244606C62BBEFFC20019D104;
			productRefGroup = 244606D02BBEFFC20019D104 /* Products */;
			projectDirPath = "";
			projectRoot = "";
			targets = (
				244606CE2BBEFFC20019D104 /* mov_demo */,
			);
		};
/* End PBXProject section */

/* Begin PBXResourcesBuildPhase section */
		244606CD2BBEFFC20019D104 /* Resources */ = {
			isa = PBXResourcesBuildPhase;
			buildActionMask = 2147483647;
			files = (
				244606E52BBEFFC50019D104 /* LaunchScreen.storyboard in Resources */,
				244606E22BBEFFC50019D104 /* Assets.xcassets in Resources */,
				244606DD2BBEFFC20019D104 /* Main.storyboard in Resources */,
			);
			runOnlyForDeploymentPostprocessing = 0;
		};
/* End PBXResourcesBuildPhase section */

/* Begin PBXSourcesBuildPhase section */
		244606CB2BBEFFC20019D104 /* Sources */ = {
			isa = PBXSourcesBuildPhase;
			buildActionMask = 2147483647;
			files = (
				244606E82BBEFFC50019D104 /* main.m in Sources */,
				244606DA2BBEFFC20019D104 /* ViewController.m in Sources */,
				244606D42BBEFFC20019D104 /* AppDelegate.m in Sources */,
				244606D72BBEFFC20019D104 /* SceneDelegate.m in Sources */,
				244606E02BBEFFC20019D104 /* mov_demo.xcdatamodeld in Sources */,
			);
			runOnlyForDeploymentPostprocessing = 0;
		};
/* End PBXSourcesBuildPhase section */

/* Begin PBXVariantGroup section */
		244606DB2BBEFFC20019D104 /* Main.storyboard */ = {
			isa = PBXVariantGroup;
			children = (
				244606DC2BBEFFC20019D104 /* Base */,
			);
			name = Main.storyboard;
			sourceTree = "<group>";
		};
		244606E32BBEFFC50019D104 /* LaunchScreen.storyboard */ = {
			isa = PBXVariantGroup;
			children = (
				244606E42BBEFFC50019D104 /* Base */,
			);
			name = LaunchScreen.storyboard;
			sourceTree = "<group>";
		};
/* End PBXVariantGroup section */

/* Begin XCBuildConfiguration section */
		244606E92BBEFFC50019D104 /* Debug */ = {
			isa = XCBuildConfiguration;
			buildSettings = {
				ALWAYS_SEARCH_USER_PATHS = NO;
				CLANG_ANALYZER_NONNULL = YES;
				CLANG_ANALYZER_NUMBER_OBJECT_CONVERSION = YES_AGGRESSIVE;
				CLANG_CXX_LANGUAGE_STANDARD = "gnu++20";
				CLANG_ENABLE_MODULES = YES;
				CLANG_ENABLE_OBJC_ARC = YES;
				CLANG_ENABLE_OBJC_WEAK = YES;
				CLANG_WARN_BLOCK_CAPTURE_AUTORELEASING = YES;
				CLANG_WARN_BOOL_CONVERSION = YES;
				CLANG_WARN_COMMA = YES;
				CLANG_WARN_CONSTANT_CONVERSION = YES;
				CLANG_WARN_DEPRECATED_OBJC_IMPLEMENTATIONS = YES;
				CLANG_WARN_DIRECT_OBJC_ISA_USAGE = YES_ERROR;
				CLANG_WARN_DOCUMENTATION_COMMENTS = YES;
				CLANG_WARN_EMPTY_BODY = YES;
				CLANG_WARN_ENUM_CONVERSION = YES;
				CLANG_WARN_INFINITE_RECURSION = YES;
				CLANG_WARN_INT_CONVERSION = YES;
				CLANG_WARN_NON_LITERAL_NULL_CONVERSION = YES;
				CLANG_WARN_OBJC_IMPLICIT_RETAIN_SELF = YES;
				CLANG_WARN_OBJC_LITERAL_CONVERSION = YES;
				CLANG_WARN_OBJC_ROOT_CLASS = YES_ERROR;
				CLANG_WARN_QUOTED_INCLUDE_IN_FRAMEWORK_HEADER = YES;
				CLANG_WARN_RANGE_LOOP_ANALYSIS = YES;
				CLANG_WARN_STRICT_PROTOTYPES = YES;
				CLANG_WARN_SUSPICIOUS_MOVE = YES;
				CLANG_WARN_UNGUARDED_AVAILABILITY = YES_AGGRESSIVE;
				CLANG_WARN_UNREACHABLE_CODE = YES;
				CLANG_WARN__DUPLICATE_METHOD_MATCH = YES;
				COPY_PHASE_STRIP = NO;
				DEBUG_INFORMATION_FORMAT = dwarf;
				ENABLE_STRICT_OBJC_MSGSEND = YES;
				ENABLE_TESTABILITY = YES;
				GCC_C_LANGUAGE_STANDARD = gnu11;
				GCC_DYNAMIC_NO_PIC = NO;
				GCC_NO_COMMON_BLOCKS = YES;
				GCC_OPTIMIZATION_LEVEL = 0;
				GCC_PREPROCESSOR_DEFINITIONS = (
					"DEBUG=1",
					"$(inherited)",
				);
				GCC_WARN_64_TO_32_BIT_CONVERSION = YES;
				GCC_WARN_ABOUT_RETURN_TYPE = YES_ERROR;
				GCC_WARN_UNDECLARED_SELECTOR = YES;
				GCC_WARN_UNINITIALIZED_AUTOS = YES_AGGRESSIVE;
				GCC_WARN_UNUSED_FUNCTION = YES;
				GCC_WARN_UNUSED_VARIABLE = YES;
				IPHONEOS_DEPLOYMENT_TARGET = 16.2;
				MTL_ENABLE_DEBUG_INFO = INCLUDE_SOURCE;
				MTL_FAST_MATH = YES;
				ONLY_ACTIVE_ARCH = YES;
				SDKROOT = iphoneos;
			};
			name = Debug;
		};
		244606EA2BBEFFC50019D104 /* Release */ = {
			isa = XCBuildConfiguration;
			buildSettings = {
				ALWAYS_SEARCH_USER_PATHS = NO;
				CLANG_ANALYZER_NONNULL = YES;
				CLANG_ANALYZER_NUMBER_OBJECT_CONVERSION = YES_AGGRESSIVE;
				CLANG_CXX_LANGUAGE_STANDARD = "gnu++20";
				CLANG_ENABLE_MODULES = YES;
				CLANG_ENABLE_OBJC_ARC = YES;
				CLANG_ENABLE_OBJC_WEAK = YES;
				CLANG_WARN_BLOCK_CAPTURE_AUTORELEASING = YES;
				CLANG_WARN_BOOL_CONVERSION = YES;
				CLANG_WARN_COMMA = YES;
				CLANG_WARN_CONSTANT_CONVERSION = YES;
				CLANG_WARN_DEPRECATED_OBJC_IMPLEMENTATIONS = YES;
				CLANG_WARN_DIRECT_OBJC_ISA_USAGE = YES_ERROR;
				CLANG_WARN_DOCUMENTATION_COMMENTS = YES;
				CLANG_WARN_EMPTY_BODY = YES;
				CLANG_WARN_ENUM_CONVERSION = YES;
				CLANG_WARN_INFINITE_RECURSION = YES;
				CLANG_WARN_INT_CONVERSION = YES;
				CLANG_WARN_NON_LITERAL_NULL_CONVERSION = YES;
				CLANG_WARN_OBJC_IMPLICIT_RETAIN_SELF = YES;
				CLANG_WARN_OBJC_LITERAL_CONVERSION = YES;
				CLANG_WARN_OBJC_ROOT_CLASS = YES_ERROR;
				CLANG_WARN_QUOTED_INCLUDE_IN_FRAMEWORK_HEADER = YES;
				CLANG_WARN_RANGE_LOOP_ANALYSIS = YES;
				CLANG_WARN_STRICT_PROTOTYPES = YES;
				CLANG_WARN_SUSPICIOUS_MOVE = YES;
				CLANG_WARN_UNGUARDED_AVAILABILITY = YES_AGGRESSIVE;
				CLANG_WARN_UNREACHABLE_CODE = YES;
				CLANG_WARN__DUPLICATE_METHOD_MATCH = YES;
				COPY_PHASE_STRIP = NO;
				DEBUG_INFORMATION_FORMAT = "dwarf-with-dsym";
				ENABLE_NS_ASSERTIONS = NO;
				ENABLE_STRICT_OBJC_MSGSEND = YES;
				GCC_C_LANGUAGE_STANDARD = gnu11;
				GCC_NO_COMMON_BLOCKS = YES;
				GCC_WARN_64_TO_32_BIT_CONVERSION = YES;
				GCC_WARN_ABOUT_RETURN_TYPE = YES_ERROR;
				GCC_WARN_UNDECLARED_SELECTOR = YES;
				GCC_WARN_UNINITIALIZED_AUTOS = YES_AGGRESSIVE;
				GCC_WARN_UNUSED_FUNCTION = YES;
				GCC_WARN_UNUSED_VARIABLE = YES;
				IPHONEOS_DEPLOYMENT_TARGET = 16.2;
				MTL_ENABLE_DEBUG_INFO = NO;
				MTL_FAST_MATH = YES;
				SDKROOT = iphoneos;
				VALIDATE_PRODUCT = YES;
			};
			name = Release;
		};
		244606EC2BBEFFC50019D104 /* Debug */ = {
			isa = XCBuildConfiguration;
			buildSettings = {
				ASSETCATALOG_COMPILER_APPICON_NAME = AppIcon;
				ASSETCATALOG_COMPILER_GLOBAL_ACCENT_COLOR_NAME = AccentColor;
				CODE_SIGN_STYLE = Automatic;
				CURRENT_PROJECT_VERSION = 1;
				DEVELOPMENT_TEAM = G8737KU9CT;
				GENERATE_INFOPLIST_FILE = YES;
				INFOPLIST_FILE = mov_demo/Info.plist;
				INFOPLIST_KEY_UIApplicationSupportsIndirectInputEvents = YES;
				INFOPLIST_KEY_UILaunchStoryboardName = LaunchScreen;
				INFOPLIST_KEY_UIMainStoryboardFile = Main;
				INFOPLIST_KEY_UISupportedInterfaceOrientations_iPad = "UIInterfaceOrientationPortrait UIInterfaceOrientationPortraitUpsideDown UIInterfaceOrientationLandscapeLeft UIInterfaceOrientationLandscapeRight";
				INFOPLIST_KEY_UISupportedInterfaceOrientations_iPhone = "UIInterfaceOrientationPortrait UIInterfaceOrientationLandscapeLeft UIInterfaceOrientationLandscapeRight";
				LD_RUNPATH_SEARCH_PATHS = (
					"$(inherited)",
					"@executable_path/Frameworks",
				);
				MARKETING_VERSION = 1.0;
				PRODUCT_BUNDLE_IDENTIFIER = "halo.mov-demo";
				PRODUCT_NAME = "$(TARGET_NAME)";
				SWIFT_EMIT_LOC_STRINGS = YES;
				TARGETED_DEVICE_FAMILY = "1,2";
			};
			name = Debug;
		};
		244606ED2BBEFFC50019D104 /* Release */ = {
			isa = XCBuildConfiguration;
			buildSettings = {
				ASSETCATALOG_COMPILER_APPICON_NAME = AppIcon;
				ASSETCATALOG_COMPILER_GLOBAL_ACCENT_COLOR_NAME = AccentColor;
				CODE_SIGN_STYLE = Automatic;
				CURRENT_PROJECT_VERSION = 1;
				DEVELOPMENT_TEAM = G8737KU9CT;
				GENERATE_INFOPLIST_FILE = YES;
				INFOPLIST_FILE = mov_demo/Info.plist;
				INFOPLIST_KEY_UIApplicationSupportsIndirectInputEvents = YES;
				INFOPLIST_KEY_UILaunchStoryboardName = LaunchScreen;
				INFOPLIST_KEY_UIMainStoryboardFile = Main;
				INFOPLIST_KEY_UISupportedInterfaceOrientations_iPad = "UIInterfaceOrientationPortrait UIInterfaceOrientationPortraitUpsideDown UIInterfaceOrientationLandscapeLeft UIInterfaceOrientationLandscapeRight";
				INFOPLIST_KEY_UISupportedInterfaceOrientations_iPhone = "UIInterfaceOrientationPortrait UIInterfaceOrientationLandscapeLeft UIInterfaceOrientationLandscapeRight";
				LD_RUNPATH_SEARCH_PATHS = (
					"$(inherited)",
					"@executable_path/Frameworks",
				);
				MARKETING_VERSION = 1.0;
				PRODUCT_BUNDLE_IDENTIFIER = "halo.mov-demo";
				PRODUCT_NAME = "$(TARGET_NAME)";
				SWIFT_EMIT_LOC_STRINGS = YES;
				TARGETED_DEVICE_FAMILY = "1,2";
			};
			name = Release;
		};
/* End XCBuildConfiguration section */

/* Begin XCConfigurationList section */
		244606CA2BBEFFC20019D104 /* Build configuration list for PBXProject "mov_demo" */ = {
			isa = XCConfigurationList;
			buildConfigurations = (
				244606E92BBEFFC50019D104 /* Debug */,
				244606EA2BBEFFC50019D104 /* Release */,
			);
			defaultConfigurationIsVisible = 0;
			defaultConfigurationName = Release;
		};
		244606EB2BBEFFC50019D104 /* Build configuration list for PBXNativeTarget "mov_demo" */ = {
			isa = XCConfigurationList;
			buildConfigurations = (
				244606EC2BBEFFC50019D104 /* Debug */,
				244606ED2BBEFFC50019D104 /* Release */,
			);
			defaultConfigurationIsVisible = 0;
			defaultConfigurationName = Release;
		};
/* End XCConfigurationList section */

/* Begin XCVersionGroup section */
		244606DE2BBEFFC20019D104 /* mov_demo.xcdatamodeld */ = {
			isa = XCVersionGroup;
			children = (
				244606DF2BBEFFC20019D104 /* mov_demo.xcdatamodel */,
			);
			currentVersion = 244606DF2BBEFFC20019D104 /* mov_demo.xcdatamodel */;
			path = mov_demo.xcdatamodeld;
			sourceTree = "<group>";
			versionGroupType = wrapper.xcdatamodel;
		};
/* End XCVersionGroup section */
	};
	rootObject = 244606C72BBEFFC20019D104 /* Project object */;
}
